
Microsoft Visual Studio Solution File, Format Version 12.00
# Visual Studio Version 17
VisualStudioVersion = 17.10.35122.118
MinimumVisualStudioVersion = 10.0.40219.1
Project("{2150E333-8FDC-42A3-9474-1A3956D46DE8}") = "Services", "Services", "{42D91C7B-3DA7-4C4C-91FD-F4A2ABC8395D}"
EndProject
Project("{2150E333-8FDC-42A3-9474-1A3956D46DE8}") = "Catalog", "Catalog", "{0E7BFC21-5FAB-48C7-B864-824BB010BC9B}"
EndProject
Project("{9A19103F-16F7-4668-BE54-9A1E7A4F7556}") = "Catalog.API", "Services\Catalog\Catalog.API\Catalog.API.csproj", "{4ABB7816-4E8B-4C24-860B-2DE6F783723E}"
	ProjectSection(ProjectDependencies) = postProject
		{0051D8C5-9DC2-4DB0-8FF4-CC4C5F2AD7B9} = {0051D8C5-9DC2-4DB0-8FF4-CC4C5F2AD7B9}
	EndProjectSection
EndProject
Project("{2150E333-8FDC-42A3-9474-1A3956D46DE8}") = "BuildingBlocks", "BuildingBlocks", "{539ACB3B-46D5-41BC-933E-49967DDA43C4}"
EndProject
Project("{9A19103F-16F7-4668-BE54-9A1E7A4F7556}") = "BuildingBlocks", "BuildingBlocks\BuildingBlocks\BuildingBlocks.csproj", "{0051D8C5-9DC2-4DB0-8FF4-CC4C5F2AD7B9}"
EndProject
Project("{E53339B2-1760-4266-BCC7-CA923CBCF16C}") = "docker-compose", "docker-compose.dcproj", "{5B570465-743E-4C6E-9B9F-A8236A29F424}"
EndProject
Global
	GlobalSection(SolutionConfigurationPlatforms) = preSolution
		Debug|Any CPU = Debug|Any CPU
		Release|Any CPU = Release|Any CPU
	EndGlobalSection
	GlobalSection(ProjectConfigurationPlatforms) = postSolution
		{4ABB7816-4E8B-4C24-860B-2DE6F783723E}.Debug|Any CPU.ActiveCfg = Debug|Any CPU
		{4ABB7816-4E8B-4C24-860B-2DE6F783723E}.Debug|Any CPU.Build.0 = Debug|Any CPU
		{4ABB7816-4E8B-4C24-860B-2DE6F783723E}.Release|Any CPU.ActiveCfg = Release|Any CPU
		{4ABB7816-4E8B-4C24-860B-2DE6F783723E}.Release|Any CPU.Build.0 = Release|Any CPU
		{0051D8C5-9DC2-4DB0-8FF4-CC4C5F2AD7B9}.Debug|Any CPU.ActiveCfg = Debug|Any CPU
		{0051D8C5-9DC2-4DB0-8FF4-CC4C5F2AD7B9}.Debug|Any CPU.Build.0 = Debug|Any CPU
		{0051D8C5-9DC2-4DB0-8FF4-CC4C5F2AD7B9}.Release|Any CPU.ActiveCfg = Release|Any CPU
		{0051D8C5-9DC2-4DB0-8FF4-CC4C5F2AD7B9}.Release|Any CPU.Build.0 = Release|Any CPU
		{5B570465-743E-4C6E-9B9F-A8236A29F424}.Debug|Any CPU.ActiveCfg = Debug|Any CPU
		{5B570465-743E-4C6E-9B9F-A8236A29F424}.Debug|Any CPU.Build.0 = Debug|Any CPU
		{5B570465-743E-4C6E-9B9F-A8236A29F424}.Release|Any CPU.ActiveCfg = Release|Any CPU
		{5B570465-743E-4C6E-9B9F-A8236A29F424}.Release|Any CPU.Build.0 = Release|Any CPU
	EndGlobalSection
	GlobalSection(SolutionProperties) = preSolution
		HideSolutionNode = FALSE
	EndGlobalSection
	GlobalSection(NestedProjects) = preSolution
		{0E7BFC21-5FAB-48C7-B864-824BB010BC9B} = {42D91C7B-3DA7-4C4C-91FD-F4A2ABC8395D}
		{4ABB7816-4E8B-4C24-860B-2DE6F783723E} = {0E7BFC21-5FAB-48C7-B864-824BB010BC9B}
		{0051D8C5-9DC2-4DB0-8FF4-CC4C5F2AD7B9} = {539ACB3B-46D5-41BC-933E-49967DDA43C4}
	EndGlobalSection
	GlobalSection(ExtensibilityGlobals) = postSolution
		SolutionGuid = {D82F087F-1B4F-4EC5-8CA6-449E0389B074}
	EndGlobalSection
EndGlobal
